
Microsoft Visual Studio Solution File, Format Version 12.00
# Visual Studio 15
VisualStudioVersion = 15.0.27130.2010
MinimumVisualStudioVersion = 10.0.40219.1
Project("{9A19103F-16F7-4668-BE54-9A1E7A4F7556}") = "Farfetch.DB", "Farfetch.DB\Farfetch.DB.csproj", "{B75B27CD-1B9D-4262-9E71-303B815D5350}"
EndProject
Project("{9A19103F-16F7-4668-BE54-9A1E7A4F7556}") = "Farfetch.Repositories", "Farfetch.Repositories\Farfetch.Repositories.csproj", "{51879C9A-C888-43CB-90BB-5CAD64F84D4D}"
EndProject
Project("{9A19103F-16F7-4668-BE54-9A1E7A4F7556}") = "Farfetch.CoreUnitOfWork", "Farfetch.CoreUnitOfWork\Farfetch.CoreUnitOfWork.csproj", "{904740A1-BC13-4D86-AA0E-7A524F3B05A4}"
EndProject
Project("{9A19103F-16F7-4668-BE54-9A1E7A4F7556}") = "Farfetch.Models", "Farfetch.Models\Farfetch.Models.csproj", "{AED9F439-CFAD-4E3D-A14B-417D4273C31F}"
EndProject
Project("{9A19103F-16F7-4668-BE54-9A1E7A4F7556}") = "Farfetch.Toggler", "Farfetch.Toggler\Farfetch.Toggler.csproj", "{25836DF9-5882-42E3-A2D2-9C6D5E317D52}"
EndProject
Project("{2150E333-8FDC-42A3-9474-1A3956D46DE8}") = "Applications", "Applications", "{5C7CEB60-B6A6-4EC4-B895-4FCC07D74DCD}"
EndProject
Project("{2150E333-8FDC-42A3-9474-1A3956D46DE8}") = "Core", "Core", "{C7AD9D63-EFE8-4BCA-B825-6F102FCBC9BF}"
EndProject
Project("{2150E333-8FDC-42A3-9474-1A3956D46DE8}") = "API", "API", "{95876B07-BFE4-4418-AE74-A695A80B626D}"
EndProject
Project("{9A19103F-16F7-4668-BE54-9A1E7A4F7556}") = "Farfetch.ServiceManager", "Farfetch.Service.Interface\Farfetch.ServiceManager.csproj", "{FD64B2DB-515D-4948-ACA6-32A4B3574399}"
EndProject
Project("{9A19103F-16F7-4668-BE54-9A1E7A4F7556}") = "Farfetch.RestAPI", "Farfetch.RestAPI\Farfetch.RestAPI.csproj", "{6D196170-CA41-42AB-979F-75BB3F8A1C2E}"
EndProject
Project("{9A19103F-16F7-4668-BE54-9A1E7A4F7556}") = "Farfetch.ServiceFactory", "Farfetch.ServiceFactory\Farfetch.ServiceFactory.csproj", "{7AB52E50-94A4-40DB-897E-343503EDFC67}"
EndProject
Project("{9A19103F-16F7-4668-BE54-9A1E7A4F7556}") = "Farfetch.UserAccounts", "Farfetch.UserAccounts\Farfetch.UserAccounts.csproj", "{016F6E6F-60F9-4E24-BFD0-B31A2232A7B1}"
EndProject
Project("{9A19103F-16F7-4668-BE54-9A1E7A4F7556}") = "Farfetch.PlusApp", "Farfetch.PlusApp\Farfetch.PlusApp.csproj", "{1BBAB2BB-122A-4DB4-A7CD-E7D9FF0FBC8C}"
EndProject
Project("{2150E333-8FDC-42A3-9474-1A3956D46DE8}") = "Common", "Common", "{A9AB0E6F-1A5A-4857-8989-7F1F2F99856D}"
EndProject
Project("{9A19103F-16F7-4668-BE54-9A1E7A4F7556}") = "Farfetch.APIHandler", "Farfetch.APIInformation\Farfetch.APIHandler.csproj", "{577A979E-E320-492D-95D8-C87C4CACC19C}"
EndProject
Project("{9A19103F-16F7-4668-BE54-9A1E7A4F7556}") = "Farfetch.Automapper", "Farfetch.Automapper\Farfetch.Automapper.csproj", "{0AA8263D-5864-42A9-B2CE-C425E01D463C}"
EndProject
Project("{9A19103F-16F7-4668-BE54-9A1E7A4F7556}") = "Farfetch.Common", "Farfetch.Common\Farfetch.Common.csproj", "{2A1902CE-1DD9-49B5-B11A-F814884E82BA}"
EndProject
Global
	GlobalSection(SolutionConfigurationPlatforms) = preSolution
		Debug|Any CPU = Debug|Any CPU
		Release|Any CPU = Release|Any CPU
	EndGlobalSection
	GlobalSection(ProjectConfigurationPlatforms) = postSolution
		{B75B27CD-1B9D-4262-9E71-303B815D5350}.Debug|Any CPU.ActiveCfg = Debug|Any CPU
		{B75B27CD-1B9D-4262-9E71-303B815D5350}.Debug|Any CPU.Build.0 = Debug|Any CPU
		{B75B27CD-1B9D-4262-9E71-303B815D5350}.Release|Any CPU.ActiveCfg = Release|Any CPU
		{B75B27CD-1B9D-4262-9E71-303B815D5350}.Release|Any CPU.Build.0 = Release|Any CPU
		{51879C9A-C888-43CB-90BB-5CAD64F84D4D}.Debug|Any CPU.ActiveCfg = Debug|Any CPU
		{51879C9A-C888-43CB-90BB-5CAD64F84D4D}.Debug|Any CPU.Build.0 = Debug|Any CPU
		{51879C9A-C888-43CB-90BB-5CAD64F84D4D}.Release|Any CPU.ActiveCfg = Release|Any CPU
		{51879C9A-C888-43CB-90BB-5CAD64F84D4D}.Release|Any CPU.Build.0 = Release|Any CPU
		{904740A1-BC13-4D86-AA0E-7A524F3B05A4}.Debug|Any CPU.ActiveCfg = Debug|Any CPU
		{904740A1-BC13-4D86-AA0E-7A524F3B05A4}.Debug|Any CPU.Build.0 = Debug|Any CPU
		{904740A1-BC13-4D86-AA0E-7A524F3B05A4}.Release|Any CPU.ActiveCfg = Release|Any CPU
		{904740A1-BC13-4D86-AA0E-7A524F3B05A4}.Release|Any CPU.Build.0 = Release|Any CPU
		{AED9F439-CFAD-4E3D-A14B-417D4273C31F}.Debug|Any CPU.ActiveCfg = Debug|Any CPU
		{AED9F439-CFAD-4E3D-A14B-417D4273C31F}.Debug|Any CPU.Build.0 = Debug|Any CPU
		{AED9F439-CFAD-4E3D-A14B-417D4273C31F}.Release|Any CPU.ActiveCfg = Release|Any CPU
		{AED9F439-CFAD-4E3D-A14B-417D4273C31F}.Release|Any CPU.Build.0 = Release|Any CPU
		{25836DF9-5882-42E3-A2D2-9C6D5E317D52}.Debug|Any CPU.ActiveCfg = Debug|Any CPU
		{25836DF9-5882-42E3-A2D2-9C6D5E317D52}.Debug|Any CPU.Build.0 = Debug|Any CPU
		{25836DF9-5882-42E3-A2D2-9C6D5E317D52}.Release|Any CPU.ActiveCfg = Release|Any CPU
		{25836DF9-5882-42E3-A2D2-9C6D5E317D52}.Release|Any CPU.Build.0 = Release|Any CPU
		{FD64B2DB-515D-4948-ACA6-32A4B3574399}.Debug|Any CPU.ActiveCfg = Debug|Any CPU
		{FD64B2DB-515D-4948-ACA6-32A4B3574399}.Debug|Any CPU.Build.0 = Debug|Any CPU
		{FD64B2DB-515D-4948-ACA6-32A4B3574399}.Release|Any CPU.ActiveCfg = Release|Any CPU
		{FD64B2DB-515D-4948-ACA6-32A4B3574399}.Release|Any CPU.Build.0 = Release|Any CPU
		{6D196170-CA41-42AB-979F-75BB3F8A1C2E}.Debug|Any CPU.ActiveCfg = Debug|Any CPU
		{6D196170-CA41-42AB-979F-75BB3F8A1C2E}.Debug|Any CPU.Build.0 = Debug|Any CPU
		{6D196170-CA41-42AB-979F-75BB3F8A1C2E}.Release|Any CPU.ActiveCfg = Release|Any CPU
		{6D196170-CA41-42AB-979F-75BB3F8A1C2E}.Release|Any CPU.Build.0 = Release|Any CPU
		{7AB52E50-94A4-40DB-897E-343503EDFC67}.Debug|Any CPU.ActiveCfg = Debug|Any CPU
		{7AB52E50-94A4-40DB-897E-343503EDFC67}.Debug|Any CPU.Build.0 = Debug|Any CPU
		{7AB52E50-94A4-40DB-897E-343503EDFC67}.Release|Any CPU.ActiveCfg = Release|Any CPU
		{7AB52E50-94A4-40DB-897E-343503EDFC67}.Release|Any CPU.Build.0 = Release|Any CPU
		{016F6E6F-60F9-4E24-BFD0-B31A2232A7B1}.Debug|Any CPU.ActiveCfg = Debug|Any CPU
		{016F6E6F-60F9-4E24-BFD0-B31A2232A7B1}.Debug|Any CPU.Build.0 = Debug|Any CPU
		{016F6E6F-60F9-4E24-BFD0-B31A2232A7B1}.Release|Any CPU.ActiveCfg = Release|Any CPU
		{016F6E6F-60F9-4E24-BFD0-B31A2232A7B1}.Release|Any CPU.Build.0 = Release|Any CPU
		{1BBAB2BB-122A-4DB4-A7CD-E7D9FF0FBC8C}.Debug|Any CPU.ActiveCfg = Debug|Any CPU
		{1BBAB2BB-122A-4DB4-A7CD-E7D9FF0FBC8C}.Debug|Any CPU.Build.0 = Debug|Any CPU
		{1BBAB2BB-122A-4DB4-A7CD-E7D9FF0FBC8C}.Release|Any CPU.ActiveCfg = Release|Any CPU
		{1BBAB2BB-122A-4DB4-A7CD-E7D9FF0FBC8C}.Release|Any CPU.Build.0 = Release|Any CPU
		{577A979E-E320-492D-95D8-C87C4CACC19C}.Debug|Any CPU.ActiveCfg = Debug|Any CPU
		{577A979E-E320-492D-95D8-C87C4CACC19C}.Debug|Any CPU.Build.0 = Debug|Any CPU
		{577A979E-E320-492D-95D8-C87C4CACC19C}.Release|Any CPU.ActiveCfg = Release|Any CPU
		{577A979E-E320-492D-95D8-C87C4CACC19C}.Release|Any CPU.Build.0 = Release|Any CPU
		{0AA8263D-5864-42A9-B2CE-C425E01D463C}.Debug|Any CPU.ActiveCfg = Debug|Any CPU
		{0AA8263D-5864-42A9-B2CE-C425E01D463C}.Debug|Any CPU.Build.0 = Debug|Any CPU
		{0AA8263D-5864-42A9-B2CE-C425E01D463C}.Release|Any CPU.ActiveCfg = Release|Any CPU
		{0AA8263D-5864-42A9-B2CE-C425E01D463C}.Release|Any CPU.Build.0 = Release|Any CPU
		{2A1902CE-1DD9-49B5-B11A-F814884E82BA}.Debug|Any CPU.ActiveCfg = Debug|Any CPU
		{2A1902CE-1DD9-49B5-B11A-F814884E82BA}.Debug|Any CPU.Build.0 = Debug|Any CPU
		{2A1902CE-1DD9-49B5-B11A-F814884E82BA}.Release|Any CPU.ActiveCfg = Release|Any CPU
		{2A1902CE-1DD9-49B5-B11A-F814884E82BA}.Release|Any CPU.Build.0 = Release|Any CPU
	EndGlobalSection
	GlobalSection(SolutionProperties) = preSolution
		HideSolutionNode = FALSE
	EndGlobalSection
	GlobalSection(NestedProjects) = preSolution
		{B75B27CD-1B9D-4262-9E71-303B815D5350} = {C7AD9D63-EFE8-4BCA-B825-6F102FCBC9BF}
		{51879C9A-C888-43CB-90BB-5CAD64F84D4D} = {C7AD9D63-EFE8-4BCA-B825-6F102FCBC9BF}
		{904740A1-BC13-4D86-AA0E-7A524F3B05A4} = {C7AD9D63-EFE8-4BCA-B825-6F102FCBC9BF}
		{AED9F439-CFAD-4E3D-A14B-417D4273C31F} = {C7AD9D63-EFE8-4BCA-B825-6F102FCBC9BF}
		{25836DF9-5882-42E3-A2D2-9C6D5E317D52} = {5C7CEB60-B6A6-4EC4-B895-4FCC07D74DCD}
		{FD64B2DB-515D-4948-ACA6-32A4B3574399} = {A9AB0E6F-1A5A-4857-8989-7F1F2F99856D}
		{6D196170-CA41-42AB-979F-75BB3F8A1C2E} = {95876B07-BFE4-4418-AE74-A695A80B626D}
		{7AB52E50-94A4-40DB-897E-343503EDFC67} = {A9AB0E6F-1A5A-4857-8989-7F1F2F99856D}
		{016F6E6F-60F9-4E24-BFD0-B31A2232A7B1} = {5C7CEB60-B6A6-4EC4-B895-4FCC07D74DCD}
		{1BBAB2BB-122A-4DB4-A7CD-E7D9FF0FBC8C} = {5C7CEB60-B6A6-4EC4-B895-4FCC07D74DCD}
		{A9AB0E6F-1A5A-4857-8989-7F1F2F99856D} = {5C7CEB60-B6A6-4EC4-B895-4FCC07D74DCD}
		{577A979E-E320-492D-95D8-C87C4CACC19C} = {95876B07-BFE4-4418-AE74-A695A80B626D}
		{0AA8263D-5864-42A9-B2CE-C425E01D463C} = {C7AD9D63-EFE8-4BCA-B825-6F102FCBC9BF}
		{2A1902CE-1DD9-49B5-B11A-F814884E82BA} = {C7AD9D63-EFE8-4BCA-B825-6F102FCBC9BF}
	EndGlobalSection
	GlobalSection(ExtensibilityGlobals) = postSolution
		SolutionGuid = {C392CC3A-6C4F-4F5B-A0FC-874001D54D4C}
	EndGlobalSection
EndGlobal
